
Microsoft Visual Studio Solution File, Format Version 12.00
# Visual Studio Version 17
VisualStudioVersion = 17.13.35818.85 d17.13
MinimumVisualStudioVersion = 10.0.40219.1
Project("{FAE04EC0-301F-11D3-BF4B-00C04F79EFBC}") = "25_02_25_study", "25_02_25_study\25_02_25_study.csproj", "{B76AD4AA-C0FB-45AC-832C-703F4CFE9435}"
EndProject
Global
	GlobalSection(SolutionConfigurationPlatforms) = preSolution
		Debug|Any CPU = Debug|Any CPU
		Release|Any CPU = Release|Any CPU
	EndGlobalSection
	GlobalSection(ProjectConfigurationPlatforms) = postSolution
		{B76AD4AA-C0FB-45AC-832C-703F4CFE9435}.Debug|Any CPU.ActiveCfg = Debug|Any CPU
		{B76AD4AA-C0FB-45AC-832C-703F4CFE9435}.Debug|Any CPU.Build.0 = Debug|Any CPU
		{B76AD4AA-C0FB-45AC-832C-703F4CFE9435}.Release|Any CPU.ActiveCfg = Release|Any CPU
		{B76AD4AA-C0FB-45AC-832C-703F4CFE9435}.Release|Any CPU.Build.0 = Release|Any CPU
	EndGlobalSection
	GlobalSection(SolutionProperties) = preSolution
		HideSolutionNode = FALSE
	EndGlobalSection
	GlobalSection(ExtensibilityGlobals) = postSolution
		SolutionGuid = {DACCB41B-497F-41D2-9F30-10A7CE6C6771}
	EndGlobalSection
EndGlobal
