
Microsoft Visual Studio Solution File, Format Version 12.00
# Visual Studio Version 17
VisualStudioVersion = 17.13.35818.85 d17.13
MinimumVisualStudioVersion = 10.0.40219.1
Project("{FAE04EC0-301F-11D3-BF4B-00C04F79EFBC}") = "25_02_26_2", "25_02_26_2\25_02_26_2.csproj", "{A8123B86-6E3D-43B5-8FFC-1A95A01C5CFF}"
EndProject
Global
	GlobalSection(SolutionConfigurationPlatforms) = preSolution
		Debug|Any CPU = Debug|Any CPU
		Release|Any CPU = Release|Any CPU
	EndGlobalSection
	GlobalSection(ProjectConfigurationPlatforms) = postSolution
		{A8123B86-6E3D-43B5-8FFC-1A95A01C5CFF}.Debug|Any CPU.ActiveCfg = Debug|Any CPU
		{A8123B86-6E3D-43B5-8FFC-1A95A01C5CFF}.Debug|Any CPU.Build.0 = Debug|Any CPU
		{A8123B86-6E3D-43B5-8FFC-1A95A01C5CFF}.Release|Any CPU.ActiveCfg = Release|Any CPU
		{A8123B86-6E3D-43B5-8FFC-1A95A01C5CFF}.Release|Any CPU.Build.0 = Release|Any CPU
	EndGlobalSection
	GlobalSection(SolutionProperties) = preSolution
		HideSolutionNode = FALSE
	EndGlobalSection
	GlobalSection(ExtensibilityGlobals) = postSolution
		SolutionGuid = {CFCA5095-A51A-47E5-B337-CC72CFFA4DCF}
	EndGlobalSection
EndGlobal
