
Microsoft Visual Studio Solution File, Format Version 12.00
# Visual Studio Version 17
VisualStudioVersion = 17.13.35818.85 d17.13
MinimumVisualStudioVersion = 10.0.40219.1
Project("{FAE04EC0-301F-11D3-BF4B-00C04F79EFBC}") = "Arpia_txt", "Arpia_txt\Arpia_txt.csproj", "{301B666D-EA12-4BD6-B6B4-92D6500CF42F}"
EndProject
Global
	GlobalSection(SolutionConfigurationPlatforms) = preSolution
		Debug|Any CPU = Debug|Any CPU
		Release|Any CPU = Release|Any CPU
	EndGlobalSection
	GlobalSection(ProjectConfigurationPlatforms) = postSolution
		{301B666D-EA12-4BD6-B6B4-92D6500CF42F}.Debug|Any CPU.ActiveCfg = Debug|Any CPU
		{301B666D-EA12-4BD6-B6B4-92D6500CF42F}.Debug|Any CPU.Build.0 = Debug|Any CPU
		{301B666D-EA12-4BD6-B6B4-92D6500CF42F}.Release|Any CPU.ActiveCfg = Release|Any CPU
		{301B666D-EA12-4BD6-B6B4-92D6500CF42F}.Release|Any CPU.Build.0 = Release|Any CPU
	EndGlobalSection
	GlobalSection(SolutionProperties) = preSolution
		HideSolutionNode = FALSE
	EndGlobalSection
	GlobalSection(ExtensibilityGlobals) = postSolution
		SolutionGuid = {4EA4626E-6F2C-4073-8D2E-B2D9B8F108E9}
	EndGlobalSection
EndGlobal
