
Microsoft Visual Studio Solution File, Format Version 12.00
# Visual Studio Version 17
VisualStudioVersion = 17.13.35825.156 d17.13
MinimumVisualStudioVersion = 10.0.40219.1
Project("{FAE04EC0-301F-11D3-BF4B-00C04F79EFBC}") = "25_03_07_study2", "25_03_07_syudy2\25_03_07_study2.csproj", "{71060D7E-5B36-4FEF-87E4-F42970356626}"
EndProject
Global
	GlobalSection(SolutionConfigurationPlatforms) = preSolution
		Debug|Any CPU = Debug|Any CPU
		Release|Any CPU = Release|Any CPU
	EndGlobalSection
	GlobalSection(ProjectConfigurationPlatforms) = postSolution
		{71060D7E-5B36-4FEF-87E4-F42970356626}.Debug|Any CPU.ActiveCfg = Debug|Any CPU
		{71060D7E-5B36-4FEF-87E4-F42970356626}.Debug|Any CPU.Build.0 = Debug|Any CPU
		{71060D7E-5B36-4FEF-87E4-F42970356626}.Release|Any CPU.ActiveCfg = Release|Any CPU
		{71060D7E-5B36-4FEF-87E4-F42970356626}.Release|Any CPU.Build.0 = Release|Any CPU
	EndGlobalSection
	GlobalSection(SolutionProperties) = preSolution
		HideSolutionNode = FALSE
	EndGlobalSection
	GlobalSection(ExtensibilityGlobals) = postSolution
		SolutionGuid = {0C4449F8-139B-4459-99C9-92AE7ABC9E75}
	EndGlobalSection
EndGlobal
