
Microsoft Visual Studio Solution File, Format Version 12.00
# Visual Studio Version 17
VisualStudioVersion = 17.13.35825.156 d17.13
MinimumVisualStudioVersion = 10.0.40219.1
Project("{FAE04EC0-301F-11D3-BF4B-00C04F79EFBC}") = "BrickGame", "BrickGame\BrickGame.csproj", "{65E5F651-341B-41E6-91E3-B2362A4E1127}"
EndProject
Global
	GlobalSection(SolutionConfigurationPlatforms) = preSolution
		Debug|Any CPU = Debug|Any CPU
		Release|Any CPU = Release|Any CPU
	EndGlobalSection
	GlobalSection(ProjectConfigurationPlatforms) = postSolution
		{65E5F651-341B-41E6-91E3-B2362A4E1127}.Debug|Any CPU.ActiveCfg = Debug|Any CPU
		{65E5F651-341B-41E6-91E3-B2362A4E1127}.Debug|Any CPU.Build.0 = Debug|Any CPU
		{65E5F651-341B-41E6-91E3-B2362A4E1127}.Release|Any CPU.ActiveCfg = Release|Any CPU
		{65E5F651-341B-41E6-91E3-B2362A4E1127}.Release|Any CPU.Build.0 = Release|Any CPU
	EndGlobalSection
	GlobalSection(SolutionProperties) = preSolution
		HideSolutionNode = FALSE
	EndGlobalSection
	GlobalSection(ExtensibilityGlobals) = postSolution
		SolutionGuid = {F753B242-3FE6-4264-81C3-A5A236A96F56}
	EndGlobalSection
EndGlobal
