
Microsoft Visual Studio Solution File, Format Version 12.00
# Visual Studio Version 17
VisualStudioVersion = 17.13.35818.85 d17.13
MinimumVisualStudioVersion = 10.0.40219.1
Project("{FAE04EC0-301F-11D3-BF4B-00C04F79EFBC}") = "LikeLion4", "LikeLion4\LikeLion4.csproj", "{D45AD7C5-971F-4934-83BA-094E4F7F18B6}"
EndProject
Global
	GlobalSection(SolutionConfigurationPlatforms) = preSolution
		Debug|Any CPU = Debug|Any CPU
		Release|Any CPU = Release|Any CPU
	EndGlobalSection
	GlobalSection(ProjectConfigurationPlatforms) = postSolution
		{D45AD7C5-971F-4934-83BA-094E4F7F18B6}.Debug|Any CPU.ActiveCfg = Debug|Any CPU
		{D45AD7C5-971F-4934-83BA-094E4F7F18B6}.Debug|Any CPU.Build.0 = Debug|Any CPU
		{D45AD7C5-971F-4934-83BA-094E4F7F18B6}.Release|Any CPU.ActiveCfg = Release|Any CPU
		{D45AD7C5-971F-4934-83BA-094E4F7F18B6}.Release|Any CPU.Build.0 = Release|Any CPU
	EndGlobalSection
	GlobalSection(SolutionProperties) = preSolution
		HideSolutionNode = FALSE
	EndGlobalSection
	GlobalSection(ExtensibilityGlobals) = postSolution
		SolutionGuid = {7E092781-1CC8-41D1-8B0F-F75129192FE2}
	EndGlobalSection
EndGlobal
