
Microsoft Visual Studio Solution File, Format Version 12.00
# Visual Studio Version 17
VisualStudioVersion = 17.13.35818.85 d17.13
MinimumVisualStudioVersion = 10.0.40219.1
Project("{FAE04EC0-301F-11D3-BF4B-00C04F79EFBC}") = "25_02_26", "25_02_26\25_02_26.csproj", "{C6CAAE5F-AB25-46CC-9261-0FE0B53C1744}"
EndProject
Global
	GlobalSection(SolutionConfigurationPlatforms) = preSolution
		Debug|Any CPU = Debug|Any CPU
		Release|Any CPU = Release|Any CPU
	EndGlobalSection
	GlobalSection(ProjectConfigurationPlatforms) = postSolution
		{C6CAAE5F-AB25-46CC-9261-0FE0B53C1744}.Debug|Any CPU.ActiveCfg = Debug|Any CPU
		{C6CAAE5F-AB25-46CC-9261-0FE0B53C1744}.Debug|Any CPU.Build.0 = Debug|Any CPU
		{C6CAAE5F-AB25-46CC-9261-0FE0B53C1744}.Release|Any CPU.ActiveCfg = Release|Any CPU
		{C6CAAE5F-AB25-46CC-9261-0FE0B53C1744}.Release|Any CPU.Build.0 = Release|Any CPU
	EndGlobalSection
	GlobalSection(SolutionProperties) = preSolution
		HideSolutionNode = FALSE
	EndGlobalSection
	GlobalSection(ExtensibilityGlobals) = postSolution
		SolutionGuid = {DCB42ECC-7FA5-4DC3-B4C4-143E22B1218B}
	EndGlobalSection
EndGlobal
