
Microsoft Visual Studio Solution File, Format Version 12.00
# Visual Studio Version 17
VisualStudioVersion = 17.13.35818.85
MinimumVisualStudioVersion = 10.0.40219.1
Project("{FAE04EC0-301F-11D3-BF4B-00C04F79EFBC}") = "TextRPG", "TextRPG\TextRPG.csproj", "{4488E95B-13DD-418B-9BDD-6A1A8468043C}"
EndProject
Project("{2150E333-8FDC-42A3-9474-1A3956D46DE8}") = "솔루션 항목", "솔루션 항목", "{2A3A057F-5D22-31FD-628C-DF5EF75AEF1E}"
EndProject
Global
	GlobalSection(SolutionConfigurationPlatforms) = preSolution
		Debug|Any CPU = Debug|Any CPU
		Release|Any CPU = Release|Any CPU
	EndGlobalSection
	GlobalSection(ProjectConfigurationPlatforms) = postSolution
		{4488E95B-13DD-418B-9BDD-6A1A8468043C}.Debug|Any CPU.ActiveCfg = Debug|Any CPU
		{4488E95B-13DD-418B-9BDD-6A1A8468043C}.Debug|Any CPU.Build.0 = Debug|Any CPU
		{4488E95B-13DD-418B-9BDD-6A1A8468043C}.Release|Any CPU.ActiveCfg = Release|Any CPU
		{4488E95B-13DD-418B-9BDD-6A1A8468043C}.Release|Any CPU.Build.0 = Release|Any CPU
	EndGlobalSection
	GlobalSection(SolutionProperties) = preSolution
		HideSolutionNode = FALSE
	EndGlobalSection
	GlobalSection(ExtensibilityGlobals) = postSolution
		SolutionGuid = {D7F655B0-B077-401C-989C-7E719B3CED19}
	EndGlobalSection
EndGlobal
