
Microsoft Visual Studio Solution File, Format Version 12.00
# Visual Studio Version 17
VisualStudioVersion = 17.13.35818.85 d17.13
MinimumVisualStudioVersion = 10.0.40219.1
Project("{FAE04EC0-301F-11D3-BF4B-00C04F79EFBC}") = "25.02.24.assignment", "25.02.24.homework\25.02.24.assignment.csproj", "{85CC033C-CD35-4CDB-B464-691CFB92A153}"
EndProject
Global
	GlobalSection(SolutionConfigurationPlatforms) = preSolution
		Debug|Any CPU = Debug|Any CPU
		Release|Any CPU = Release|Any CPU
	EndGlobalSection
	GlobalSection(ProjectConfigurationPlatforms) = postSolution
		{85CC033C-CD35-4CDB-B464-691CFB92A153}.Debug|Any CPU.ActiveCfg = Debug|Any CPU
		{85CC033C-CD35-4CDB-B464-691CFB92A153}.Debug|Any CPU.Build.0 = Debug|Any CPU
		{85CC033C-CD35-4CDB-B464-691CFB92A153}.Release|Any CPU.ActiveCfg = Release|Any CPU
		{85CC033C-CD35-4CDB-B464-691CFB92A153}.Release|Any CPU.Build.0 = Release|Any CPU
	EndGlobalSection
	GlobalSection(SolutionProperties) = preSolution
		HideSolutionNode = FALSE
	EndGlobalSection
	GlobalSection(ExtensibilityGlobals) = postSolution
		SolutionGuid = {40C56EA7-E20B-4B60-A5BF-06A8F3E46ADD}
	EndGlobalSection
EndGlobal
